{
  "name": "stl-dsa",
  "lockfileVersion": 2,
  "requires": true,
  "packages": {
    "": {
      "dependencies": {
        "fullcalendar": "^5.9.0"
      }
    },
    "node_modules/fullcalendar": {
      "version": "5.9.0",
      "resolved": "https://registry.npmjs.org/fullcalendar/-/fullcalendar-5.9.0.tgz",
      "integrity": "sha512-kUfkWov2YQFemafgL0x9ogx2TPmgZze/VsWYvmajgr+bmoVY28XXErQ3MGfgWbM18QWdmvBIVhJCGY81MdbL+w=="
    }
  },
  "dependencies": {
    "fullcalendar": {
      "version": "5.9.0",
      "resolved": "https://registry.npmjs.org/fullcalendar/-/fullcalendar-5.9.0.tgz",
      "integrity": "sha512-kUfkWov2YQFemafgL0x9ogx2TPmgZze/VsWYvmajgr+bmoVY28XXErQ3MGfgWbM18QWdmvBIVhJCGY81MdbL+w=="
    }
  }
}
