{
  "requires": true,
  "lockfileVersion": 1,
  "dependencies": {
    "fullcalendar": {
      "version": "5.9.0",
      "resolved": "https://registry.npmjs.org/fullcalendar/-/fullcalendar-5.9.0.tgz",
      "integrity": "sha512-kUfkWov2YQFemafgL0x9ogx2TPmgZze/VsWYvmajgr+bmoVY28XXErQ3MGfgWbM18QWdmvBIVhJCGY81MdbL+w=="
    },
    "qunit": {
      "version": "2.14.0",
      "requires": {
        "commander": "6.2.0",
        "js-reporters": "1.2.3",
        "node-watch": "0.7.1",
        "tiny-glob": "0.2.8"
      },
      "dependencies": {
        "commander": {
          "version": "6.2.0",
          "resolved": "https://registry.npmjs.org/commander/-/commander-6.2.0.tgz",
          "integrity": "sha512-zP4jEKbe8SHzKJYQmq8Y9gYjtO/POJLgIdKgV7B9qNmABVFVc+ctqSX6iXh4mCpJfRBOabiZ2YKPg8ciDw6C+Q=="
        },
        "globalyzer": {
          "version": "0.1.0",
          "resolved": "https://registry.npmjs.org/globalyzer/-/globalyzer-0.1.0.tgz",
          "integrity": "sha512-40oNTM9UfG6aBmuKxk/giHn5nQ8RVz/SS4Ir6zgzOv9/qC3kKZ9v4etGTcJbEl/NyVQH7FGU7d+X1egr57Md2Q=="
        },
        "globrex": {
          "version": "0.1.2",
          "resolved": "https://registry.npmjs.org/globrex/-/globrex-0.1.2.tgz",
          "integrity": "sha512-uHJgbwAMwNFf5mLst7IWLNg14x1CkeqglJb/K3doi4dw6q2IvAAmM/Y81kevy83wP+Sst+nutFTYOGg3d1lsxg=="
        },
        "js-reporters": {
          "version": "1.2.3",
          "resolved": "https://registry.npmjs.org/js-reporters/-/js-reporters-1.2.3.tgz",
          "integrity": "sha512-2YzWkHbbRu6LueEs5ZP3P1LqbECvAeUJYrjw3H4y1ofW06hqCS0AbzBtLwbr+Hke51bt9CUepJ/Fj1hlCRIF6A=="
        },
        "node-watch": {
          "version": "0.7.1",
          "resolved": "https://registry.npmjs.org/node-watch/-/node-watch-0.7.1.tgz",
          "integrity": "sha512-UWblPYuZYrkCQCW5PxAwYSxaELNBLUckrTBBk8xr1/bUgyOkYYTsUcV4e3ytcazFEOyiRyiUrsG37pu6I0I05g=="
        },
        "tiny-glob": {
          "version": "0.2.8",
          "resolved": "https://registry.npmjs.org/tiny-glob/-/tiny-glob-0.2.8.tgz",
          "integrity": "sha512-vkQP7qOslq63XRX9kMswlby99kyO5OvKptw7AMwBVMjXEI7Tb61eoI5DydyEMOseyGS5anDN1VPoVxEvH01q8w==",
          "requires": {
            "globalyzer": "0.1.0",
            "globrex": "^0.1.2"
          }
        }
      }
    }
  }
}
